Microsoft Visual Studio Solution File, Format Version 12.00
# Visual Studio Version 17
VisualStudioVersion = 17.5.2.0
MinimumVisualStudioVersion = 10.0.40219.1
Project("{FAE04EC0-301F-11D3-BF4B-00C04F79EFBC}") = "SWIKIWI", "SWIKIWI\SWIKIWI.csproj", "{552E5CAC-222A-F05B-7549-3C2D5C020458}"
EndProject
Global
	GlobalSection(SolutionConfigurationPlatforms) = preSolution
		Debug|Any CPU = Debug|Any CPU
		Release|Any CPU = Release|Any CPU
	EndGlobalSection
	GlobalSection(ProjectConfigurationPlatforms) = postSolution
		{552E5CAC-222A-F05B-7549-3C2D5C020458}.Debug|Any CPU.ActiveCfg = Debug|Any CPU
		{552E5CAC-222A-F05B-7549-3C2D5C020458}.Debug|Any CPU.Build.0 = Debug|Any CPU
		{552E5CAC-222A-F05B-7549-3C2D5C020458}.Release|Any CPU.ActiveCfg = Release|Any CPU
		{552E5CAC-222A-F05B-7549-3C2D5C020458}.Release|Any CPU.Build.0 = Release|Any CPU
	EndGlobalSection
	GlobalSection(SolutionProperties) = preSolution
		HideSolutionNode = FALSE
	EndGlobalSection
	GlobalSection(ExtensibilityGlobals) = postSolution
		SolutionGuid = {F65976A7-CBED-4414-ACAE-6C82CB96403A}
	EndGlobalSection
EndGlobal
